# Code generated by scarb DO NOT EDIT.
version = 1

[[package]]
name = "openzeppelin"
version = "3.0.0"
source = "git+https://github.com/noa-starkware/cairo-contracts?rev=d5f9f389c5c6fc91fe58eff8fc7ab83e5a100e05#d5f9f389c5c6fc91fe58eff8fc7ab83e5a100e05"
dependencies = [
 "openzeppelin_access",
 "openzeppelin_account",
 "openzeppelin_finance",
 "openzeppelin_governance",
 "openzeppelin_interfaces",
 "openzeppelin_introspection",
 "openzeppelin_merkle_tree",
 "openzeppelin_presets",
 "openzeppelin_security",
 "openzeppelin_token",
 "openzeppelin_upgrades",
 "openzeppelin_utils",
]

[[package]]
name = "openzeppelin_access"
version = "3.0.0"
source = "git+https://github.com/noa-starkware/cairo-contracts?rev=d5f9f389c5c6fc91fe58eff8fc7ab83e5a100e05#d5f9f389c5c6fc91fe58eff8fc7ab83e5a100e05"
dependencies = [
 "openzeppelin_interfaces",
 "openzeppelin_introspection",
]

[[package]]
name = "openzeppelin_account"
version = "3.0.0"
source = "git+https://github.com/noa-starkware/cairo-contracts?rev=d5f9f389c5c6fc91fe58eff8fc7ab83e5a100e05#d5f9f389c5c6fc91fe58eff8fc7ab83e5a100e05"
dependencies = [
 "openzeppelin_interfaces",
 "openzeppelin_introspection",
 "openzeppelin_utils",
]

[[package]]
name = "openzeppelin_finance"
version = "3.0.0"
source = "git+https://github.com/noa-starkware/cairo-contracts?rev=d5f9f389c5c6fc91fe58eff8fc7ab83e5a100e05#d5f9f389c5c6fc91fe58eff8fc7ab83e5a100e05"
dependencies = [
 "openzeppelin_access",
 "openzeppelin_interfaces",
 "openzeppelin_token",
]

[[package]]
name = "openzeppelin_governance"
version = "3.0.0"
source = "git+https://github.com/noa-starkware/cairo-contracts?rev=d5f9f389c5c6fc91fe58eff8fc7ab83e5a100e05#d5f9f389c5c6fc91fe58eff8fc7ab83e5a100e05"
dependencies = [
 "openzeppelin_access",
 "openzeppelin_interfaces",
 "openzeppelin_introspection",
 "openzeppelin_token",
 "openzeppelin_utils",
]

[[package]]
name = "openzeppelin_interfaces"
version = "2.1.0"
source = "git+https://github.com/noa-starkware/cairo-contracts?rev=d5f9f389c5c6fc91fe58eff8fc7ab83e5a100e05#d5f9f389c5c6fc91fe58eff8fc7ab83e5a100e05"

[[package]]
name = "openzeppelin_introspection"
version = "3.0.0"
source = "git+https://github.com/noa-starkware/cairo-contracts?rev=d5f9f389c5c6fc91fe58eff8fc7ab83e5a100e05#d5f9f389c5c6fc91fe58eff8fc7ab83e5a100e05"
dependencies = [
 "openzeppelin_interfaces",
]

[[package]]
name = "openzeppelin_merkle_tree"
version = "3.0.0"
source = "git+https://github.com/noa-starkware/cairo-contracts?rev=d5f9f389c5c6fc91fe58eff8fc7ab83e5a100e05#d5f9f389c5c6fc91fe58eff8fc7ab83e5a100e05"

[[package]]
name = "openzeppelin_presets"
version = "3.0.0"
source = "git+https://github.com/noa-starkware/cairo-contracts?rev=d5f9f389c5c6fc91fe58eff8fc7ab83e5a100e05#d5f9f389c5c6fc91fe58eff8fc7ab83e5a100e05"
dependencies = [
 "openzeppelin_access",
 "openzeppelin_account",
 "openzeppelin_finance",
 "openzeppelin_interfaces",
 "openzeppelin_introspection",
 "openzeppelin_token",
 "openzeppelin_upgrades",
 "openzeppelin_utils",
]

[[package]]
name = "openzeppelin_security"
version = "3.0.0"
source = "git+https://github.com/noa-starkware/cairo-contracts?rev=d5f9f389c5c6fc91fe58eff8fc7ab83e5a100e05#d5f9f389c5c6fc91fe58eff8fc7ab83e5a100e05"
dependencies = [
 "openzeppelin_interfaces",
]

[[package]]
name = "openzeppelin_token"
version = "3.0.0"
source = "git+https://github.com/noa-starkware/cairo-contracts?rev=d5f9f389c5c6fc91fe58eff8fc7ab83e5a100e05#d5f9f389c5c6fc91fe58eff8fc7ab83e5a100e05"
dependencies = [
 "openzeppelin_access",
 "openzeppelin_interfaces",
 "openzeppelin_introspection",
 "openzeppelin_utils",
]

[[package]]
name = "openzeppelin_upgrades"
version = "3.0.0"
source = "git+https://github.com/noa-starkware/cairo-contracts?rev=d5f9f389c5c6fc91fe58eff8fc7ab83e5a100e05#d5f9f389c5c6fc91fe58eff8fc7ab83e5a100e05"

[[package]]
name = "openzeppelin_utils"
version = "2.1.0"
source = "git+https://github.com/noa-starkware/cairo-contracts?rev=d5f9f389c5c6fc91fe58eff8fc7ab83e5a100e05#d5f9f389c5c6fc91fe58eff8fc7ab83e5a100e05"
dependencies = [
 "openzeppelin_interfaces",
]

[[package]]
name = "snforge_scarb_plugin"
version = "0.55.0+nightly-2026-02-03"
source = "registry+https://scarbs.dev/"
checksum = "sha256:b046fee1fe2e0d4463eadea6dcd04175649c92754302f2f06c23fef581fe8f29"

[[package]]
name = "snforge_std"
version = "0.55.0+nightly-2026-02-03"
source = "registry+https://scarbs.dev/"
checksum = "sha256:3e5efb24f7d8b28713eee6d9e0f3476fb2aba2e19ffde21a109f72cc751afff6"
dependencies = [
 "snforge_scarb_plugin",
]

[[package]]
name = "starkware_utils"
version = "1.0.0"
dependencies = [
 "openzeppelin",
 "snforge_std",
 "starkware_utils_testing",
]

[[package]]
name = "starkware_utils_testing"
version = "1.0.0"
dependencies = [
 "openzeppelin",
 "snforge_std",
 "starkware_utils",
]
